// !$*UTF8*$!
{
	archiveVersion = 1;
	classes = {
	};
	objectVersion = 70;
	objects = {

/* Begin PBXBuildFile section */
		4EBBA7742A5F0CE200193E19 /* Assets.xcassets in Resources */ = {isa = PBXBuildFile; fileRef = 4EBBA7732A5F0CE200193E19 /* Assets.xcassets */; };
		4EBBA7772A5F0CE200193E19 /* LaunchScreen.storyboard in Resources */ = {isa = PBXBuildFile; fileRef = 4EBBA7752A5F0CE200193E19 /* LaunchScreen.storyboard */; };
		CB0000001234567A /* Apollo in Frameworks */ = {isa = PBXBuildFile; productRef = CB00000012345679 /* Apollo */; };
		CB001E312F3CDA0300286F69 /* ShopifyCheckoutProtocol in Frameworks */ = {isa = PBXBuildFile; productRef = CB001E302F3CDA0300286F69 /* ShopifyCheckoutProtocol */; };
		CB001E372F3CDBA600286F69 /* ShopifyCheckoutProtocol in Frameworks */ = {isa = PBXBuildFile; productRef = CB001E362F3CDBA600286F69 /* ShopifyCheckoutProtocol */; };
		CB001E3A2F3CDBD600286F69 /* ShopifyCheckoutKit in Frameworks */ = {isa = PBXBuildFile; productRef = CB001E392F3CDBD600286F69 /* ShopifyCheckoutKit */; };
		CB1B10B52E4CDDB0001713F8 /* ShopifyCheckoutKit in Frameworks */ = {isa = PBXBuildFile; productRef = CB1B10B42E4CDDB0001713F8 /* ShopifyCheckoutKit */; };
		CB236DEA2FB2186C00F0D914 /* ShopifyCheckoutKit in Frameworks */ = {isa = PBXBuildFile; productRef = CBED2D502F3F5D1B00EC866A /* ShopifyCheckoutKit */; };
		CB2370022FB21BF100F0D914 /* ShopifyAcceleratedCheckouts in Frameworks */ = {isa = PBXBuildFile; productRef = CB2370012FB21BF100F0D914 /* ShopifyAcceleratedCheckouts */; };
		CB2370042FB21BF100F0D914 /* ShopifyCheckoutKit in Frameworks */ = {isa = PBXBuildFile; productRef = CB2370032FB21BF100F0D914 /* ShopifyCheckoutKit */; };
		CB2370072FB21D1800F0D914 /* ShopifyCheckoutProtocol in Frameworks */ = {isa = PBXBuildFile; productRef = CB2370062FB21D1800F0D914 /* ShopifyCheckoutProtocol */; };
		CBE9B3332F3DF82500E266EB /* ShopifyCheckoutProtocol in Frameworks */ = {isa = PBXBuildFile; productRef = CBE9B3322F3DF82500E266EB /* ShopifyCheckoutProtocol */; };
		CBED2D4F2F3F5D1B00EC866A /* ShopifyAcceleratedCheckouts in Frameworks */ = {isa = PBXBuildFile; productRef = CBED2D4E2F3F5D1B00EC866A /* ShopifyAcceleratedCheckouts */; };
/* End PBXBuildFile section */

/* Begin PBXFileReference section */
		2147F3E52B502AFD005546F3 /* checkout-kit */ = {isa = PBXFileReference; lastKnownFileType = wrapper; name = "checkout-kit"; path = ../..; sourceTree = "<group>"; };
		4EBBA7672A5F0CE200193E19 /* MobileBuyIntegration.app */ = {isa = PBXFileReference; explicitFileType = wrapper.application; includeInIndex = 0; path = MobileBuyIntegration.app; sourceTree = BUILT_PRODUCTS_DIR; };
		4EBBA7732A5F0CE200193E19 /* Assets.xcassets */ = {isa = PBXFileReference; lastKnownFileType = folder.assetcatalog; path = Assets.xcassets; sourceTree = "<group>"; };
		4EBBA7762A5F0CE200193E19 /* Base */ = {isa = PBXFileReference; lastKnownFileType = file.storyboard; name = Base; path = Base.lproj/LaunchScreen.storyboard; sourceTree = "<group>"; };
		4EBBA7782A5F0CE200193E19 /* Info.plist */ = {isa = PBXFileReference; lastKnownFileType = text.plist.xml; path = Info.plist; sourceTree = "<group>"; };
		4EBBA7A72A5F10C400193E19 /* Storefront.xcconfig */ = {isa = PBXFileReference; fileEncoding = 4; lastKnownFileType = text.xcconfig; path = Storefront.xcconfig; sourceTree = SOURCE_ROOT; };
		6AE865492CE3BB6500A4971C /* MobileBuyIntegration.entitlements */ = {isa = PBXFileReference; lastKnownFileType = text.plist.entitlements; path = MobileBuyIntegration.entitlements; sourceTree = "<group>"; };
/* End PBXFileReference section */

/* Begin PBXFileSystemSynchronizedRootGroup section */
		CB236EDA2FB219C500F0D914 /* Sources */ = {isa = PBXFileSystemSynchronizedRootGroup; explicitFileTypes = {}; explicitFolders = (); path = Sources; sourceTree = "<group>"; };
/* End PBXFileSystemSynchronizedRootGroup section */

/* Begin PBXFrameworksBuildPhase section */
		4EBBA7642A5F0CE200193E19 /* Frameworks */ = {
			isa = PBXFrameworksBuildPhase;
			buildActionMask = 2147483647;
			files = (
				CB236DEA2FB2186C00F0D914 /* ShopifyCheckoutKit in Frameworks */,
				CB0000001234567A /* Apollo in Frameworks */,
				CB2370042FB21BF100F0D914 /* ShopifyCheckoutKit in Frameworks */,
				CBED2D4F2F3F5D1B00EC866A /* ShopifyAcceleratedCheckouts in Frameworks */,
				CB001E312F3CDA0300286F69 /* ShopifyCheckoutProtocol in Frameworks */,
				CB1B10B52E4CDDB0001713F8 /* ShopifyCheckoutKit in Frameworks */,
				CB2370072FB21D1800F0D914 /* ShopifyCheckoutProtocol in Frameworks */,
				CB001E3A2F3CDBD600286F69 /* ShopifyCheckoutKit in Frameworks */,
				CB001E372F3CDBA600286F69 /* ShopifyCheckoutProtocol in Frameworks */,
				CBE9B3332F3DF82500E266EB /* ShopifyCheckoutProtocol in Frameworks */,
				CB2370022FB21BF100F0D914 /* ShopifyAcceleratedCheckouts in Frameworks */,
			);
			runOnlyForDeploymentPostprocessing = 0;
		};
/* End PBXFrameworksBuildPhase section */

/* Begin PBXGroup section */
		4EBBA75E2A5F0CE200193E19 = {
			isa = PBXGroup;
			children = (
				4EBBA7692A5F0CE200193E19 /* MobileBuyIntegration */,
				4EBBA7B32A5F230900193E19 /* Packages */,
				4EBBA7682A5F0CE200193E19 /* Products */,
				4EBBA7B52A5F231500193E19 /* Frameworks */,
			);
			sourceTree = "<group>";
		};
		4EBBA7682A5F0CE200193E19 /* Products */ = {
			isa = PBXGroup;
			children = (
				4EBBA7672A5F0CE200193E19 /* MobileBuyIntegration.app */,
			);
			name = Products;
			sourceTree = "<group>";
		};
		4EBBA7692A5F0CE200193E19 /* MobileBuyIntegration */ = {
			isa = PBXGroup;
			children = (
				CB236EDA2FB219C500F0D914 /* Sources */,
				4EBBA77E2A5F0D8E00193E19 /* Resources */,
			);
			path = MobileBuyIntegration;
			sourceTree = "<group>";
		};
		4EBBA77E2A5F0D8E00193E19 /* Resources */ = {
			isa = PBXGroup;
			children = (
				4EBBA7A72A5F10C400193E19 /* Storefront.xcconfig */,
				4EBBA7732A5F0CE200193E19 /* Assets.xcassets */,
				4EBBA7752A5F0CE200193E19 /* LaunchScreen.storyboard */,
				4EBBA7782A5F0CE200193E19 /* Info.plist */,
				6AE865492CE3BB6500A4971C /* MobileBuyIntegration.entitlements */,
			);
			name = Resources;
			sourceTree = "<group>";
		};
		4EBBA7B32A5F230900193E19 /* Packages */ = {
			isa = PBXGroup;
			children = (
				2147F3E52B502AFD005546F3 /* checkout-kit */,
			);
			name = Packages;
			sourceTree = "<group>";
		};
		4EBBA7B52A5F231500193E19 /* Frameworks */ = {
			isa = PBXGroup;
			children = (
			);
			name = Frameworks;
			sourceTree = "<group>";
		};
/* End PBXGroup section */

/* Begin PBXNativeTarget section */
		4EBBA7662A5F0CE200193E19 /* MobileBuyIntegration */ = {
			isa = PBXNativeTarget;
			buildConfigurationList = 4EBBA77B2A5F0CE200193E19 /* Build configuration list for PBXNativeTarget "MobileBuyIntegration" */;
			buildPhases = (
				4EBBA7632A5F0CE200193E19 /* Sources */,
				4EBBA7642A5F0CE200193E19 /* Frameworks */,
				4EBBA7652A5F0CE200193E19 /* Resources */,
				6A07CDC22CE3CF2700578D48 /* Remove binaries from build */,
			);
			buildRules = (
			);
			dependencies = (
			);
			fileSystemSynchronizedGroups = (
				CB236EDA2FB219C500F0D914 /* Sources */,
			);
			name = MobileBuyIntegration;
			packageProductDependencies = (
				CB00000012345679 /* Apollo */,
				CB1B10B42E4CDDB0001713F8 /* ShopifyCheckoutKit */,
				CB001E302F3CDA0300286F69 /* ShopifyCheckoutProtocol */,
				CB001E362F3CDBA600286F69 /* ShopifyCheckoutProtocol */,
				CB001E392F3CDBD600286F69 /* ShopifyCheckoutKit */,
				CBE9B3322F3DF82500E266EB /* ShopifyCheckoutProtocol */,
				CBED2D4E2F3F5D1B00EC866A /* ShopifyAcceleratedCheckouts */,
				CBED2D502F3F5D1B00EC866A /* ShopifyCheckoutKit */,
				CB2370012FB21BF100F0D914 /* ShopifyAcceleratedCheckouts */,
				CB2370032FB21BF100F0D914 /* ShopifyCheckoutKit */,
				CB2370062FB21D1800F0D914 /* ShopifyCheckoutProtocol */,
			);
			productName = MobileBuyIntegration;
			productReference = 4EBBA7672A5F0CE200193E19 /* MobileBuyIntegration.app */;
			productType = "com.apple.product-type.application";
		};
/* End PBXNativeTarget section */

/* Begin PBXProject section */
		4EBBA75F2A5F0CE200193E19 /* Project object */ = {
			isa = PBXProject;
			attributes = {
				BuildIndependentTargetsInParallel = 1;
				LastSwiftUpdateCheck = 1430;
				LastUpgradeCheck = 1520;
				TargetAttributes = {
					4EBBA7662A5F0CE200193E19 = {
						CreatedOnToolsVersion = 14.3.1;
					};
				};
			};
			buildConfigurationList = 4EBBA7622A5F0CE200193E19 /* Build configuration list for PBXProject "MobileBuyIntegration" */;
			compatibilityVersion = "Xcode 14.0";
			developmentRegion = en;
			hasScannedForEncodings = 0;
			knownRegions = (
				en,
				Base,
				fr,
				"fr-CA",
			);
			mainGroup = 4EBBA75E2A5F0CE200193E19;
			packageReferences = (
				CB00000012345678 /* XCRemoteSwiftPackageReference "apollo-ios" */,
				CB2370002FB21BF100F0D914 /* XCLocalSwiftPackageReference "../../../../../checkout-kit" */,
				CB2370052FB21D1800F0D914 /* XCLocalSwiftPackageReference "../../../../protocol/languages/swift" */,
			);
			productRefGroup = 4EBBA7682A5F0CE200193E19 /* Products */;
			projectDirPath = "";
			projectRoot = "";
			targets = (
				4EBBA7662A5F0CE200193E19 /* MobileBuyIntegration */,
			);
		};
/* End PBXProject section */

/* Begin PBXResourcesBuildPhase section */
		4EBBA7652A5F0CE200193E19 /* Resources */ = {
			isa = PBXResourcesBuildPhase;
			buildActionMask = 2147483647;
			files = (
				4EBBA7772A5F0CE200193E19 /* LaunchScreen.storyboard in Resources */,
				4EBBA7742A5F0CE200193E19 /* Assets.xcassets in Resources */,
			);
			runOnlyForDeploymentPostprocessing = 0;
		};
/* End PBXResourcesBuildPhase section */

/* Begin PBXShellScriptBuildPhase section */
		6A07CDC22CE3CF2700578D48 /* Remove binaries from build */ = {
			isa = PBXShellScriptBuildPhase;
			buildActionMask = 2147483647;
			files = (
			);
			inputFileListPaths = (
			);
			inputPaths = (
			);
			name = "Remove binaries from build";
			outputFileListPaths = (
			);
			outputPaths = (
				"${TARGET_BUILD_DIR}/${FULL_PRODUCT_NAME}/.cleanup_complete",
			);
			runOnlyForDeploymentPostprocessing = 0;
			shellPath = /bin/sh;
			shellScript = "# Remove .pcm binaries from build\nfind \"${TARGET_BUILD_DIR}/${FULL_PRODUCT_NAME}\" -name \"*.pcm\" -type f -delete\n\n# Remove Swiftlint binaries from build\nfind \"${TARGET_BUILD_DIR}/${FULL_PRODUCT_NAME}\" -iname \"swiftlint*\" -type f -delete\n\n# Remove .dev directory from build\nfind \"${TARGET_BUILD_DIR}/${FULL_PRODUCT_NAME}\" -name \".dev\" -type d -exec rm -rf {} +\n\n# Create marker file to indicate cleanup is complete\ntouch \"${TARGET_BUILD_DIR}/${FULL_PRODUCT_NAME}/.cleanup_complete\"\n";
		};
/* End PBXShellScriptBuildPhase section */

/* Begin PBXSourcesBuildPhase section */
		4EBBA7632A5F0CE200193E19 /* Sources */ = {
			isa = PBXSourcesBuildPhase;
			buildActionMask = 2147483647;
			files = (
			);
			runOnlyForDeploymentPostprocessing = 0;
		};
/* End PBXSourcesBuildPhase section */

/* Begin PBXVariantGroup section */
		4EBBA7752A5F0CE200193E19 /* LaunchScreen.storyboard */ = {
			isa = PBXVariantGroup;
			children = (
				4EBBA7762A5F0CE200193E19 /* Base */,
			);
			name = LaunchScreen.storyboard;
			sourceTree = "<group>";
		};
/* End PBXVariantGroup section */

/* Begin XCBuildConfiguration section */
		4EBBA7792A5F0CE200193E19 /* Debug */ = {
			isa = XCBuildConfiguration;
			baseConfigurationReference = 4EBBA7A72A5F10C400193E19 /* Storefront.xcconfig */;
			buildSettings = {
				ALWAYS_SEARCH_USER_PATHS = NO;
				ASSETCATALOG_COMPILER_GENERATE_SWIFT_ASSET_SYMBOL_EXTENSIONS = YES;
				CLANG_ANALYZER_NONNULL = YES;
				CLANG_ANALYZER_NUMBER_OBJECT_CONVERSION = YES_AGGRESSIVE;
				CLANG_CXX_LANGUAGE_STANDARD = "gnu++20";
				CLANG_ENABLE_MODULES = YES;
				CLANG_ENABLE_OBJC_ARC = YES;
				CLANG_ENABLE_OBJC_WEAK = YES;
				CLANG_WARN_BLOCK_CAPTURE_AUTORELEASING = YES;
				CLANG_WARN_BOOL_CONVERSION = YES;
				CLANG_WARN_COMMA = YES;
				CLANG_WARN_CONSTANT_CONVERSION = YES;
				CLANG_WARN_DEPRECATED_OBJC_IMPLEMENTATIONS = YES;
				CLANG_WARN_DIRECT_OBJC_ISA_USAGE = YES_ERROR;
				CLANG_WARN_DOCUMENTATION_COMMENTS = YES;
				CLANG_WARN_EMPTY_BODY = YES;
				CLANG_WARN_ENUM_CONVERSION = YES;
				CLANG_WARN_INFINITE_RECURSION = YES;
				CLANG_WARN_INT_CONVERSION = YES;
				CLANG_WARN_NON_LITERAL_NULL_CONVERSION = YES;
				CLANG_WARN_OBJC_IMPLICIT_RETAIN_SELF = YES;
				CLANG_WARN_OBJC_LITERAL_CONVERSION = YES;
				CLANG_WARN_OBJC_ROOT_CLASS = YES_ERROR;
				CLANG_WARN_QUOTED_INCLUDE_IN_FRAMEWORK_HEADER = YES;
				CLANG_WARN_RANGE_LOOP_ANALYSIS = YES;
				CLANG_WARN_STRICT_PROTOTYPES = YES;
				CLANG_WARN_SUSPICIOUS_MOVE = YES;
				CLANG_WARN_UNGUARDED_AVAILABILITY = YES_AGGRESSIVE;
				CLANG_WARN_UNREACHABLE_CODE = YES;
				CLANG_WARN__DUPLICATE_METHOD_MATCH = YES;
				COPY_PHASE_STRIP = NO;
				DEBUG_INFORMATION_FORMAT = dwarf;
				ENABLE_STRICT_OBJC_MSGSEND = YES;
				ENABLE_TESTABILITY = YES;
				EXCLUDED_SOURCE_FILE_NAMES = .dev/;
				GCC_C_LANGUAGE_STANDARD = gnu11;
				GCC_DYNAMIC_NO_PIC = NO;
				GCC_NO_COMMON_BLOCKS = YES;
				GCC_OPTIMIZATION_LEVEL = 0;
				GCC_PREPROCESSOR_DEFINITIONS = (
					"DEBUG=1",
					"$(inherited)",
				);
				GCC_WARN_64_TO_32_BIT_CONVERSION = YES;
				GCC_WARN_ABOUT_RETURN_TYPE = YES_ERROR;
				GCC_WARN_UNDECLARED_SELECTOR = YES;
				GCC_WARN_UNINITIALIZED_AUTOS = YES_AGGRESSIVE;
				GCC_WARN_UNUSED_FUNCTION = YES;
				GCC_WARN_UNUSED_VARIABLE = YES;
				IPHONEOS_DEPLOYMENT_TARGET = 17.0;
				MTL_ENABLE_DEBUG_INFO = INCLUDE_SOURCE;
				MTL_FAST_MATH = YES;
				ONLY_ACTIVE_ARCH = YES;
				SDKROOT = iphoneos;
				SWIFT_ACTIVE_COMPILATION_CONDITIONS = DEBUG;
				SWIFT_OPTIMIZATION_LEVEL = "-Onone";
				SWIFT_VERSION = 6.0;
			};
			name = Debug;
		};
		4EBBA77A2A5F0CE200193E19 /* Release */ = {
			isa = XCBuildConfiguration;
			baseConfigurationReference = 4EBBA7A72A5F10C400193E19 /* Storefront.xcconfig */;
			buildSettings = {
				ALWAYS_SEARCH_USER_PATHS = NO;
				ASSETCATALOG_COMPILER_GENERATE_SWIFT_ASSET_SYMBOL_EXTENSIONS = YES;
				CLANG_ANALYZER_NONNULL = YES;
				CLANG_ANALYZER_NUMBER_OBJECT_CONVERSION = YES_AGGRESSIVE;
				CLANG_CXX_LANGUAGE_STANDARD = "gnu++20";
				CLANG_ENABLE_MODULES = YES;
				CLANG_ENABLE_OBJC_ARC = YES;
				CLANG_ENABLE_OBJC_WEAK = YES;
				CLANG_WARN_BLOCK_CAPTURE_AUTORELEASING = YES;
				CLANG_WARN_BOOL_CONVERSION = YES;
				CLANG_WARN_COMMA = YES;
				CLANG_WARN_CONSTANT_CONVERSION = YES;
				CLANG_WARN_DEPRECATED_OBJC_IMPLEMENTATIONS = YES;
				CLANG_WARN_DIRECT_OBJC_ISA_USAGE = YES_ERROR;
				CLANG_WARN_DOCUMENTATION_COMMENTS = YES;
				CLANG_WARN_EMPTY_BODY = YES;
				CLANG_WARN_ENUM_CONVERSION = YES;
				CLANG_WARN_INFINITE_RECURSION = YES;
				CLANG_WARN_INT_CONVERSION = YES;
				CLANG_WARN_NON_LITERAL_NULL_CONVERSION = YES;
				CLANG_WARN_OBJC_IMPLICIT_RETAIN_SELF = YES;
				CLANG_WARN_OBJC_LITERAL_CONVERSION = YES;
				CLANG_WARN_OBJC_ROOT_CLASS = YES_ERROR;
				CLANG_WARN_QUOTED_INCLUDE_IN_FRAMEWORK_HEADER = YES;
				CLANG_WARN_RANGE_LOOP_ANALYSIS = YES;
				CLANG_WARN_STRICT_PROTOTYPES = YES;
				CLANG_WARN_SUSPICIOUS_MOVE = YES;
				CLANG_WARN_UNGUARDED_AVAILABILITY = YES_AGGRESSIVE;
				CLANG_WARN_UNREACHABLE_CODE = YES;
				CLANG_WARN__DUPLICATE_METHOD_MATCH = YES;
				COPY_PHASE_STRIP = NO;
				DEBUG_INFORMATION_FORMAT = "dwarf-with-dsym";
				ENABLE_NS_ASSERTIONS = NO;
				ENABLE_STRICT_OBJC_MSGSEND = YES;
				EXCLUDED_SOURCE_FILE_NAMES = .dev/;
				GCC_C_LANGUAGE_STANDARD = gnu11;
				GCC_NO_COMMON_BLOCKS = YES;
				GCC_WARN_64_TO_32_BIT_CONVERSION = YES;
				GCC_WARN_ABOUT_RETURN_TYPE = YES_ERROR;
				GCC_WARN_UNDECLARED_SELECTOR = YES;
				GCC_WARN_UNINITIALIZED_AUTOS = YES_AGGRESSIVE;
				GCC_WARN_UNUSED_FUNCTION = YES;
				GCC_WARN_UNUSED_VARIABLE = YES;
				IPHONEOS_DEPLOYMENT_TARGET = 17.0;
				MTL_ENABLE_DEBUG_INFO = NO;
				MTL_FAST_MATH = YES;
				SDKROOT = iphoneos;
				SWIFT_COMPILATION_MODE = wholemodule;
				SWIFT_OPTIMIZATION_LEVEL = "-O";
				SWIFT_VERSION = 6.0;
				VALIDATE_PRODUCT = YES;
			};
			name = Release;
		};
		4EBBA77C2A5F0CE200193E19 /* Debug */ = {
			isa = XCBuildConfiguration;
			buildSettings = {
				ASSETCATALOG_COMPILER_APPICON_NAME = AppIcon;
				ASSETCATALOG_COMPILER_GLOBAL_ACCENT_COLOR_NAME = AccentColor;
				CODE_SIGN_ENTITLEMENTS = MobileBuyIntegration/MobileBuyIntegration.entitlements;
				CODE_SIGN_STYLE = Automatic;
				CURRENT_PROJECT_VERSION = 1;
				DEVELOPMENT_TEAM = A7XGC83MZE;
				GENERATE_INFOPLIST_FILE = YES;
				INFOPLIST_FILE = MobileBuyIntegration/Info.plist;
				INFOPLIST_KEY_CFBundleDisplayName = Plant;
				INFOPLIST_KEY_NSLocationWhenInUseUsageDescription = "Your location may be required to locate pickup points near you when you request this shipping option.";
				INFOPLIST_KEY_UIApplicationSupportsIndirectInputEvents = YES;
				INFOPLIST_KEY_UILaunchStoryboardName = LaunchScreen;
				INFOPLIST_KEY_UIRequiresFullScreen = NO;
				INFOPLIST_KEY_UIStatusBarHidden = NO;
				INFOPLIST_KEY_UISupportedInterfaceOrientations = UIInterfaceOrientationPortrait;
				INFOPLIST_KEY_UISupportedInterfaceOrientations_iPad = "UIInterfaceOrientationLandscapeLeft UIInterfaceOrientationLandscapeRight UIInterfaceOrientationPortrait UIInterfaceOrientationPortraitUpsideDown";
				IPHONEOS_DEPLOYMENT_TARGET = 16.6;
				LD_RUNPATH_SEARCH_PATHS = (
					"$(inherited)",
					"@executable_path/Frameworks",
				);
				MARKETING_VERSION = 1.0;
				PRODUCT_BUNDLE_IDENTIFIER = com.shopify.example.MobileBuyIntegration;
				PRODUCT_NAME = "$(TARGET_NAME)";
				SWIFT_EMIT_LOC_STRINGS = YES;
				SWIFT_STRICT_CONCURRENCY = complete;
				SWIFT_TREAT_WARNINGS_AS_ERRORS = YES;
				SWIFT_VERSION = 6.0;
				TARGETED_DEVICE_FAMILY = "1,2";
			};
			name = Debug;
		};
		4EBBA77D2A5F0CE200193E19 /* Release */ = {
			isa = XCBuildConfiguration;
			buildSettings = {
				ASSETCATALOG_COMPILER_APPICON_NAME = AppIcon;
				ASSETCATALOG_COMPILER_GLOBAL_ACCENT_COLOR_NAME = AccentColor;
				CODE_SIGN_ENTITLEMENTS = MobileBuyIntegration/MobileBuyIntegration.entitlements;
				CODE_SIGN_STYLE = Automatic;
				CURRENT_PROJECT_VERSION = 1;
				DEVELOPMENT_TEAM = A7XGC83MZE;
				GENERATE_INFOPLIST_FILE = YES;
				INFOPLIST_FILE = MobileBuyIntegration/Info.plist;
				INFOPLIST_KEY_CFBundleDisplayName = Plant;
				INFOPLIST_KEY_NSLocationWhenInUseUsageDescription = "Your location may be required to locate pickup points near you when you request this shipping option.";
				INFOPLIST_KEY_UIApplicationSupportsIndirectInputEvents = YES;
				INFOPLIST_KEY_UILaunchStoryboardName = LaunchScreen;
				INFOPLIST_KEY_UIRequiresFullScreen = NO;
				INFOPLIST_KEY_UIStatusBarHidden = NO;
				INFOPLIST_KEY_UISupportedInterfaceOrientations = UIInterfaceOrientationPortrait;
				INFOPLIST_KEY_UISupportedInterfaceOrientations_iPad = "UIInterfaceOrientationLandscapeLeft UIInterfaceOrientationLandscapeRight UIInterfaceOrientationPortrait UIInterfaceOrientationPortraitUpsideDown";
				IPHONEOS_DEPLOYMENT_TARGET = 16.6;
				LD_RUNPATH_SEARCH_PATHS = (
					"$(inherited)",
					"@executable_path/Frameworks",
				);
				MARKETING_VERSION = 1.0;
				ONLY_ACTIVE_ARCH = YES;
				PRODUCT_BUNDLE_IDENTIFIER = com.shopify.example.MobileBuyIntegration;
				PRODUCT_NAME = "$(TARGET_NAME)";
				SWIFT_EMIT_LOC_STRINGS = YES;
				SWIFT_STRICT_CONCURRENCY = complete;
				SWIFT_TREAT_WARNINGS_AS_ERRORS = YES;
				SWIFT_VERSION = 6.0;
				TARGETED_DEVICE_FAMILY = "1,2";
			};
			name = Release;
		};
/* End XCBuildConfiguration section */

/* Begin XCConfigurationList section */
		4EBBA7622A5F0CE200193E19 /* Build configuration list for PBXProject "MobileBuyIntegration" */ = {
			isa = XCConfigurationList;
			buildConfigurations = (
				4EBBA7792A5F0CE200193E19 /* Debug */,
				4EBBA77A2A5F0CE200193E19 /* Release */,
			);
			defaultConfigurationIsVisible = 0;
			defaultConfigurationName = Release;
		};
		4EBBA77B2A5F0CE200193E19 /* Build configuration list for PBXNativeTarget "MobileBuyIntegration" */ = {
			isa = XCConfigurationList;
			buildConfigurations = (
				4EBBA77C2A5F0CE200193E19 /* Debug */,
				4EBBA77D2A5F0CE200193E19 /* Release */,
			);
			defaultConfigurationIsVisible = 0;
			defaultConfigurationName = Release;
		};
/* End XCConfigurationList section */

/* Begin XCLocalSwiftPackageReference section */
		CB2370002FB21BF100F0D914 /* XCLocalSwiftPackageReference "../../../../../checkout-kit" */ = {
			isa = XCLocalSwiftPackageReference;
			relativePath = "../../../../../checkout-kit";
		};
		CB2370052FB21D1800F0D914 /* XCLocalSwiftPackageReference "../../../../protocol/languages/swift" */ = {
			isa = XCLocalSwiftPackageReference;
			relativePath = ../../../../protocol/languages/swift;
		};
/* End XCLocalSwiftPackageReference section */

/* Begin XCRemoteSwiftPackageReference section */
		CB00000012345678 /* XCRemoteSwiftPackageReference "apollo-ios" */ = {
			isa = XCRemoteSwiftPackageReference;
			repositoryURL = "https://github.com/apollographql/apollo-ios.git";
			requirement = {
				kind = upToNextMajorVersion;
				minimumVersion = 2.0.0;
			};
		};
/* End XCRemoteSwiftPackageReference section */

/* Begin XCSwiftPackageProductDependency section */
		CB00000012345679 /* Apollo */ = {
			isa = XCSwiftPackageProductDependency;
			package = CB00000012345678 /* XCRemoteSwiftPackageReference "apollo-ios" */;
			productName = Apollo;
		};
		CB001E302F3CDA0300286F69 /* ShopifyCheckoutProtocol */ = {
			isa = XCSwiftPackageProductDependency;
			productName = ShopifyCheckoutProtocol;
		};
		CB001E362F3CDBA600286F69 /* ShopifyCheckoutProtocol */ = {
			isa = XCSwiftPackageProductDependency;
			productName = ShopifyCheckoutProtocol;
		};
		CB001E392F3CDBD600286F69 /* ShopifyCheckoutKit */ = {
			isa = XCSwiftPackageProductDependency;
			productName = ShopifyCheckoutKit;
		};
		CB1B10B42E4CDDB0001713F8 /* ShopifyCheckoutKit */ = {
			isa = XCSwiftPackageProductDependency;
			productName = ShopifyCheckoutKit;
		};
		CB2370012FB21BF100F0D914 /* ShopifyAcceleratedCheckouts */ = {
			isa = XCSwiftPackageProductDependency;
			productName = ShopifyAcceleratedCheckouts;
		};
		CB2370032FB21BF100F0D914 /* ShopifyCheckoutKit */ = {
			isa = XCSwiftPackageProductDependency;
			productName = ShopifyCheckoutKit;
		};
		CB2370062FB21D1800F0D914 /* ShopifyCheckoutProtocol */ = {
			isa = XCSwiftPackageProductDependency;
			productName = ShopifyCheckoutProtocol;
		};
		CBE9B3322F3DF82500E266EB /* ShopifyCheckoutProtocol */ = {
			isa = XCSwiftPackageProductDependency;
			productName = ShopifyCheckoutProtocol;
		};
		CBED2D4E2F3F5D1B00EC866A /* ShopifyAcceleratedCheckouts */ = {
			isa = XCSwiftPackageProductDependency;
			productName = ShopifyAcceleratedCheckouts;
		};
		CBED2D502F3F5D1B00EC866A /* ShopifyCheckoutKit */ = {
			isa = XCSwiftPackageProductDependency;
			productName = ShopifyCheckoutKit;
		};
/* End XCSwiftPackageProductDependency section */
	};
	rootObject = 4EBBA75F2A5F0CE200193E19 /* Project object */;
}
